
Microsoft Visual Studio Solution File, Format Version 12.00
# Visual Studio Version 16
VisualStudioVersion = 16.0.30114.105
MinimumVisualStudioVersion = 10.0.40219.1
Project("{FAE04EC0-301F-11D3-BF4B-00C04F79EFBC}") = "GroupA_A3", "GroupA_A3\GroupA_A3.csproj", "{9C5F6603-67F7-4D56-800B-9B7F0BB762F1}"
EndProject
Global
	GlobalSection(SolutionConfigurationPlatforms) = preSolution
		Debug|Any CPU = Debug|Any CPU
		Release|Any CPU = Release|Any CPU
	EndGlobalSection
	GlobalSection(ProjectConfigurationPlatforms) = postSolution
		{9C5F6603-67F7-4D56-800B-9B7F0BB762F1}.Debug|Any CPU.ActiveCfg = Debug|Any CPU
		{9C5F6603-67F7-4D56-800B-9B7F0BB762F1}.Debug|Any CPU.Build.0 = Debug|Any CPU
		{9C5F6603-67F7-4D56-800B-9B7F0BB762F1}.Release|Any CPU.ActiveCfg = Release|Any CPU
		{9C5F6603-67F7-4D56-800B-9B7F0BB762F1}.Release|Any CPU.Build.0 = Release|Any CPU
	EndGlobalSection
	GlobalSection(SolutionProperties) = preSolution
		HideSolutionNode = FALSE
	EndGlobalSection
	GlobalSection(ExtensibilityGlobals) = postSolution
		SolutionGuid = {D8A4AE50-EA32-49A7-B024-FACA23B5F480}
	EndGlobalSection
EndGlobal
